{
  "object": {
    "pins": [
      {
        "package": "DivyaSwiftXCFrameworkKit",
        "repositoryURL": "https://github.com/DivMewada/DivyaXCFrameworkSwiftPackage.git",
        "state": {
          "branch": null,
          "revision": "640f103d50e6f6c8871be52a800503a250837b70",
          "version": "1.0.5"
        }
      }
    ]
  },
  "version": 1
}
